// !$*UTF8*$!
{
	archiveVersion = 1;
	classes = {
	};
	objectVersion = 56;
	objects = {

/* Begin PBXBuildFile section */
		7CD597B42D9BD56100428915 /* ScoreKeeperApp.swift in Sources */ = {isa = PBXBuildFile; fileRef = 7CD597B32D9BD56100428915 /* ScoreKeeperApp.swift */; };
		7CD597B62D9BD56100428915 /* ContentView.swift in Sources */ = {isa = PBXBuildFile; fileRef = 7CD597B52D9BD56100428915 /* ContentView.swift */; };
		7CD597B82D9BD56300428915 /* Assets.xcassets in Resources */ = {isa = PBXBuildFile; fileRef = 7CD597B72D9BD56300428915 /* Assets.xcassets */; };
		7CD597BB2D9BD56300428915 /* Preview Assets.xcassets in Resources */ = {isa = PBXBuildFile; fileRef = 7CD597BA2D9BD56300428915 /* Preview Assets.xcassets */; };
		7CD597C22D9BD57300428915 /* Scoreboard.swift in Sources */ = {isa = PBXBuildFile; fileRef = 7CD597C12D9BD57300428915 /* Scoreboard.swift */; };
		7CD597C42D9BD58500428915 /* GameState.swift in Sources */ = {isa = PBXBuildFile; fileRef = 7CD597C32D9BD58500428915 /* GameState.swift */; };
		7CD597C62D9BD61400428915 /* Player.swift in Sources */ = {isa = PBXBuildFile; fileRef = 7CD597C52D9BD61400428915 /* Player.swift */; };
		7CD597CE2D9BD66200428915 /* ScoreKeeperTests.swift in Sources */ = {isa = PBXBuildFile; fileRef = 7CD597CD2D9BD66200428915 /* ScoreKeeperTests.swift */; };
		7CD597D52D9BD95700428915 /* SettingsView.swift in Sources */ = {isa = PBXBuildFile; fileRef = 7CD597D42D9BD95700428915 /* SettingsView.swift */; };
/* End PBXBuildFile section */

/* Begin PBXContainerItemProxy section */
		7CD597CF2D9BD66200428915 /* PBXContainerItemProxy */ = {
			isa = PBXContainerItemProxy;
			containerPortal = 7CD597A82D9BD56100428915 /* Project object */;
			proxyType = 1;
			remoteGlobalIDString = 7CD597AF2D9BD56100428915;
			remoteInfo = ScoreKeeper;
		};
/* End PBXContainerItemProxy section */

/* Begin PBXFileReference section */
		7CD597B02D9BD56100428915 /* ScoreKeeper.app */ = {isa = PBXFileReference; explicitFileType = wrapper.application; includeInIndex = 0; path = ScoreKeeper.app; sourceTree = BUILT_PRODUCTS_DIR; };
		7CD597B32D9BD56100428915 /* ScoreKeeperApp.swift */ = {isa = PBXFileReference; lastKnownFileType = sourcecode.swift; path = ScoreKeeperApp.swift; sourceTree = "<group>"; };
		7CD597B52D9BD56100428915 /* ContentView.swift */ = {isa = PBXFileReference; lastKnownFileType = sourcecode.swift; path = ContentView.swift; sourceTree = "<group>"; };
		7CD597B72D9BD56300428915 /* Assets.xcassets */ = {isa = PBXFileReference; lastKnownFileType = folder.assetcatalog; path = Assets.xcassets; sourceTree = "<group>"; };
		7CD597BA2D9BD56300428915 /* Preview Assets.xcassets */ = {isa = PBXFileReference; lastKnownFileType = folder.assetcatalog; path = "Preview Assets.xcassets"; sourceTree = "<group>"; };
		7CD597C12D9BD57300428915 /* Scoreboard.swift */ = {isa = PBXFileReference; lastKnownFileType = sourcecode.swift; path = Scoreboard.swift; sourceTree = "<group>"; };
		7CD597C32D9BD58500428915 /* GameState.swift */ = {isa = PBXFileReference; lastKnownFileType = sourcecode.swift; path = GameState.swift; sourceTree = "<group>"; };
		7CD597C52D9BD61400428915 /* Player.swift */ = {isa = PBXFileReference; lastKnownFileType = sourcecode.swift; path = Player.swift; sourceTree = "<group>"; };
		7CD597CB2D9BD66200428915 /* ScoreKeeperTests.xctest */ = {isa = PBXFileReference; explicitFileType = wrapper.cfbundle; includeInIndex = 0; path = ScoreKeeperTests.xctest; sourceTree = BUILT_PRODUCTS_DIR; };
		7CD597CD2D9BD66200428915 /* ScoreKeeperTests.swift */ = {isa = PBXFileReference; lastKnownFileType = sourcecode.swift; path = ScoreKeeperTests.swift; sourceTree = "<group>"; };
		7CD597D42D9BD95700428915 /* SettingsView.swift */ = {isa = PBXFileReference; lastKnownFileType = sourcecode.swift; path = SettingsView.swift; sourceTree = "<group>"; };
/* End PBXFileReference section */

/* Begin PBXFrameworksBuildPhase section */
		7CD597AD2D9BD56100428915 /* Frameworks */ = {
			isa = PBXFrameworksBuildPhase;
			buildActionMask = 2147483647;
			files = (
			);
			runOnlyForDeploymentPostprocessing = 0;
		};
		7CD597C82D9BD66200428915 /* Frameworks */ = {
			isa = PBXFrameworksBuildPhase;
			buildActionMask = 2147483647;
			files = (
			);
			runOnlyForDeploymentPostprocessing = 0;
		};
/* End PBXFrameworksBuildPhase section */

/* Begin PBXGroup section */
		7CD597A72D9BD56100428915 = {
			isa = PBXGroup;
			children = (
				7CD597B22D9BD56100428915 /* ScoreKeeper */,
				7CD597CC2D9BD66200428915 /* ScoreKeeperTests */,
				7CD597B12D9BD56100428915 /* Products */,
			);
			sourceTree = "<group>";
		};
		7CD597B12D9BD56100428915 /* Products */ = {
			isa = PBXGroup;
			children = (
				7CD597B02D9BD56100428915 /* ScoreKeeper.app */,
				7CD597CB2D9BD66200428915 /* ScoreKeeperTests.xctest */,
			);
			name = Products;
			sourceTree = "<group>";
		};
		7CD597B22D9BD56100428915 /* ScoreKeeper */ = {
			isa = PBXGroup;
			children = (
				7CD597B32D9BD56100428915 /* ScoreKeeperApp.swift */,
				7CD597B52D9BD56100428915 /* ContentView.swift */,
				7CD597B72D9BD56300428915 /* Assets.xcassets */,
				7CD597B92D9BD56300428915 /* Preview Content */,
				7CD597C12D9BD57300428915 /* Scoreboard.swift */,
				7CD597C32D9BD58500428915 /* GameState.swift */,
				7CD597C52D9BD61400428915 /* Player.swift */,
				7CD597D42D9BD95700428915 /* SettingsView.swift */,
			);
			path = ScoreKeeper;
			sourceTree = "<group>";
		};
		7CD597B92D9BD56300428915 /* Preview Content */ = {
			isa = PBXGroup;
			children = (
				7CD597BA2D9BD56300428915 /* Preview Assets.xcassets */,
			);
			path = "Preview Content";
			sourceTree = "<group>";
		};
		7CD597CC2D9BD66200428915 /* ScoreKeeperTests */ = {
			isa = PBXGroup;
			children = (
				7CD597CD2D9BD66200428915 /* ScoreKeeperTests.swift */,
			);
			path = ScoreKeeperTests;
			sourceTree = "<group>";
		};
/* End PBXGroup section */

/* Begin PBXNativeTarget section */
		7CD597AF2D9BD56100428915 /* ScoreKeeper */ = {
			isa = PBXNativeTarget;
			buildConfigurationList = 7CD597BE2D9BD56300428915 /* Build configuration list for PBXNativeTarget "ScoreKeeper" */;
			buildPhases = (
				7CD597AC2D9BD56100428915 /* Sources */,
				7CD597AD2D9BD56100428915 /* Frameworks */,
				7CD597AE2D9BD56100428915 /* Resources */,
			);
			buildRules = (
			);
			dependencies = (
			);
			name = ScoreKeeper;
			productName = ScoreKeeper;
			productReference = 7CD597B02D9BD56100428915 /* ScoreKeeper.app */;
			productType = "com.apple.product-type.application";
		};
		7CD597CA2D9BD66200428915 /* ScoreKeeperTests */ = {
			isa = PBXNativeTarget;
			buildConfigurationList = 7CD597D12D9BD66200428915 /* Build configuration list for PBXNativeTarget "ScoreKeeperTests" */;
			buildPhases = (
				7CD597C72D9BD66200428915 /* Sources */,
				7CD597C82D9BD66200428915 /* Frameworks */,
				7CD597C92D9BD66200428915 /* Resources */,
			);
			buildRules = (
			);
			dependencies = (
				7CD597D02D9BD66200428915 /* PBXTargetDependency */,
			);
			name = ScoreKeeperTests;
			productName = ScoreKeeperTests;
			productReference = 7CD597CB2D9BD66200428915 /* ScoreKeeperTests.xctest */;
			productType = "com.apple.product-type.bundle.unit-test";
		};
/* End PBXNativeTarget section */

/* Begin PBXProject section */
		7CD597A82D9BD56100428915 /* Project object */ = {
			isa = PBXProject;
			attributes = {
				BuildIndependentTargetsInParallel = 1;
				LastSwiftUpdateCheck = 1510;
				LastUpgradeCheck = 1510;
				TargetAttributes = {
					7CD597AF2D9BD56100428915 = {
						CreatedOnToolsVersion = 15.1;
					};
					7CD597CA2D9BD66200428915 = {
						CreatedOnToolsVersion = 15.1;
						TestTargetID = 7CD597AF2D9BD56100428915;
					};
				};
			};
			buildConfigurationList = 7CD597AB2D9BD56100428915 /* Build configuration list for PBXProject "ScoreKeeper" */;
			compatibilityVersion = "Xcode 14.0";
			developmentRegion = en;
			hasScannedForEncodings = 0;
			knownRegions = (
				en,
				Base,
			);
			mainGroup = 7CD597A72D9BD56100428915;
			productRefGroup = 7CD597B12D9BD56100428915 /* Products */;
			projectDirPath = "";
			projectRoot = "";
			targets = (
				7CD597AF2D9BD56100428915 /* ScoreKeeper */,
				7CD597CA2D9BD66200428915 /* ScoreKeeperTests */,
			);
		};
/* End PBXProject section */

/* Begin PBXResourcesBuildPhase section */
		7CD597AE2D9BD56100428915 /* Resources */ = {
			isa = PBXResourcesBuildPhase;
			buildActionMask = 2147483647;
			files = (
				7CD597BB2D9BD56300428915 /* Preview Assets.xcassets in Resources */,
				7CD597B82D9BD56300428915 /* Assets.xcassets in Resources */,
			);
			runOnlyForDeploymentPostprocessing = 0;
		};
		7CD597C92D9BD66200428915 /* Resources */ = {
			isa = PBXResourcesBuildPhase;
			buildActionMask = 2147483647;
			files = (
			);
			runOnlyForDeploymentPostprocessing = 0;
		};
/* End PBXResourcesBuildPhase section */

/* Begin PBXSourcesBuildPhase section */
		7CD597AC2D9BD56100428915 /* Sources */ = {
			isa = PBXSourcesBuildPhase;
			buildActionMask = 2147483647;
			files = (
				7CD597C22D9BD57300428915 /* Scoreboard.swift in Sources */,
				7CD597C42D9BD58500428915 /* GameState.swift in Sources */,
				7CD597B62D9BD56100428915 /* ContentView.swift in Sources */,
				7CD597D52D9BD95700428915 /* SettingsView.swift in Sources */,
				7CD597C62D9BD61400428915 /* Player.swift in Sources */,
				7CD597B42D9BD56100428915 /* ScoreKeeperApp.swift in Sources */,
			);
			runOnlyForDeploymentPostprocessing = 0;
		};
		7CD597C72D9BD66200428915 /* Sources */ = {
			isa = PBXSourcesBuildPhase;
			buildActionMask = 2147483647;
			files = (
				7CD597CE2D9BD66200428915 /* ScoreKeeperTests.swift in Sources */,
			);
			runOnlyForDeploymentPostprocessing = 0;
		};
/* End PBXSourcesBuildPhase section */

/* Begin PBXTargetDependency section */
		7CD597D02D9BD66200428915 /* PBXTargetDependency */ = {
			isa = PBXTargetDependency;
			target = 7CD597AF2D9BD56100428915 /* ScoreKeeper */;
			targetProxy = 7CD597CF2D9BD66200428915 /* PBXContainerItemProxy */;
		};
/* End PBXTargetDependency section */

/* Begin XCBuildConfiguration section */
		7CD597BC2D9BD56300428915 /* Debug */ = {
			isa = XCBuildConfiguration;
			buildSettings = {
				ALWAYS_SEARCH_USER_PATHS = NO;
				ASSETCATALOG_COMPILER_GENERATE_SWIFT_ASSET_SYMBOL_EXTENSIONS = YES;
				CLANG_ANALYZER_NONNULL = YES;
				CLANG_ANALYZER_NUMBER_OBJECT_CONVERSION = YES_AGGRESSIVE;
				CLANG_CXX_LANGUAGE_STANDARD = "gnu++20";
				CLANG_ENABLE_MODULES = YES;
				CLANG_ENABLE_OBJC_ARC = YES;
				CLANG_ENABLE_OBJC_WEAK = YES;
				CLANG_WARN_BLOCK_CAPTURE_AUTORELEASING = YES;
				CLANG_WARN_BOOL_CONVERSION = YES;
				CLANG_WARN_COMMA = YES;
				CLANG_WARN_CONSTANT_CONVERSION = YES;
				CLANG_WARN_DEPRECATED_OBJC_IMPLEMENTATIONS = YES;
				CLANG_WARN_DIRECT_OBJC_ISA_USAGE = YES_ERROR;
				CLANG_WARN_DOCUMENTATION_COMMENTS = YES;
				CLANG_WARN_EMPTY_BODY = YES;
				CLANG_WARN_ENUM_CONVERSION = YES;
				CLANG_WARN_INFINITE_RECURSION = YES;
				CLANG_WARN_INT_CONVERSION = YES;
				CLANG_WARN_NON_LITERAL_NULL_CONVERSION = YES;
				CLANG_WARN_OBJC_IMPLICIT_RETAIN_SELF = YES;
				CLANG_WARN_OBJC_LITERAL_CONVERSION = YES;
				CLANG_WARN_OBJC_ROOT_CLASS = YES_ERROR;
				CLANG_WARN_QUOTED_INCLUDE_IN_FRAMEWORK_HEADER = YES;
				CLANG_WARN_RANGE_LOOP_ANALYSIS = YES;
				CLANG_WARN_STRICT_PROTOTYPES = YES;
				CLANG_WARN_SUSPICIOUS_MOVE = YES;
				CLANG_WARN_UNGUARDED_AVAILABILITY = YES_AGGRESSIVE;
				CLANG_WARN_UNREACHABLE_CODE = YES;
				CLANG_WARN__DUPLICATE_METHOD_MATCH = YES;
				COPY_PHASE_STRIP = NO;
				DEBUG_INFORMATION_FORMAT = dwarf;
				ENABLE_STRICT_OBJC_MSGSEND = YES;
				ENABLE_TESTABILITY = YES;
				ENABLE_USER_SCRIPT_SANDBOXING = YES;
				GCC_C_LANGUAGE_STANDARD = gnu17;
				GCC_DYNAMIC_NO_PIC = NO;
				GCC_NO_COMMON_BLOCKS = YES;
				GCC_OPTIMIZATION_LEVEL = 0;
				GCC_PREPROCESSOR_DEFINITIONS = (
					"DEBUG=1",
					"$(inherited)",
				);
				GCC_WARN_64_TO_32_BIT_CONVERSION = YES;
				GCC_WARN_ABOUT_RETURN_TYPE = YES_ERROR;
				GCC_WARN_UNDECLARED_SELECTOR = YES;
				GCC_WARN_UNINITIALIZED_AUTOS = YES_AGGRESSIVE;
				GCC_WARN_UNUSED_FUNCTION = YES;
				GCC_WARN_UNUSED_VARIABLE = YES;
				IPHONEOS_DEPLOYMENT_TARGET = 17.2;
				LOCALIZATION_PREFERS_STRING_CATALOGS = YES;
				MTL_ENABLE_DEBUG_INFO = INCLUDE_SOURCE;
				MTL_FAST_MATH = YES;
				ONLY_ACTIVE_ARCH = YES;
				SDKROOT = iphoneos;
				SWIFT_ACTIVE_COMPILATION_CONDITIONS = "DEBUG $(inherited)";
				SWIFT_OPTIMIZATION_LEVEL = "-Onone";
			};
			name = Debug;
		};
		7CD597BD2D9BD56300428915 /* Release */ = {
			isa = XCBuildConfiguration;
			buildSettings = {
				ALWAYS_SEARCH_USER_PATHS = NO;
				ASSETCATALOG_COMPILER_GENERATE_SWIFT_ASSET_SYMBOL_EXTENSIONS = YES;
				CLANG_ANALYZER_NONNULL = YES;
				CLANG_ANALYZER_NUMBER_OBJECT_CONVERSION = YES_AGGRESSIVE;
				CLANG_CXX_LANGUAGE_STANDARD = "gnu++20";
				CLANG_ENABLE_MODULES = YES;
				CLANG_ENABLE_OBJC_ARC = YES;
				CLANG_ENABLE_OBJC_WEAK = YES;
				CLANG_WARN_BLOCK_CAPTURE_AUTORELEASING = YES;
				CLANG_WARN_BOOL_CONVERSION = YES;
				CLANG_WARN_COMMA = YES;
				CLANG_WARN_CONSTANT_CONVERSION = YES;
				CLANG_WARN_DEPRECATED_OBJC_IMPLEMENTATIONS = YES;
				CLANG_WARN_DIRECT_OBJC_ISA_USAGE = YES_ERROR;
				CLANG_WARN_DOCUMENTATION_COMMENTS = YES;
				CLANG_WARN_EMPTY_BODY = YES;
				CLANG_WARN_ENUM_CONVERSION = YES;
				CLANG_WARN_INFINITE_RECURSION = YES;
				CLANG_WARN_INT_CONVERSION = YES;
				CLANG_WARN_NON_LITERAL_NULL_CONVERSION = YES;
				CLANG_WARN_OBJC_IMPLICIT_RETAIN_SELF = YES;
				CLANG_WARN_OBJC_LITERAL_CONVERSION = YES;
				CLANG_WARN_OBJC_ROOT_CLASS = YES_ERROR;
				CLANG_WARN_QUOTED_INCLUDE_IN_FRAMEWORK_HEADER = YES;
				CLANG_WARN_RANGE_LOOP_ANALYSIS = YES;
				CLANG_WARN_STRICT_PROTOTYPES = YES;
				CLANG_WARN_SUSPICIOUS_MOVE = YES;
				CLANG_WARN_UNGUARDED_AVAILABILITY = YES_AGGRESSIVE;
				CLANG_WARN_UNREACHABLE_CODE = YES;
				CLANG_WARN__DUPLICATE_METHOD_MATCH = YES;
				COPY_PHASE_STRIP = NO;
				DEBUG_INFORMATION_FORMAT = "dwarf-with-dsym";
				ENABLE_NS_ASSERTIONS = NO;
				ENABLE_STRICT_OBJC_MSGSEND = YES;
				ENABLE_USER_SCRIPT_SANDBOXING = YES;
				GCC_C_LANGUAGE_STANDARD = gnu17;
				GCC_NO_COMMON_BLOCKS = YES;
				GCC_WARN_64_TO_32_BIT_CONVERSION = YES;
				GCC_WARN_ABOUT_RETURN_TYPE = YES_ERROR;
				GCC_WARN_UNDECLARED_SELECTOR = YES;
				GCC_WARN_UNINITIALIZED_AUTOS = YES_AGGRESSIVE;
				GCC_WARN_UNUSED_FUNCTION = YES;
				GCC_WARN_UNUSED_VARIABLE = YES;
				IPHONEOS_DEPLOYMENT_TARGET = 17.2;
				LOCALIZATION_PREFERS_STRING_CATALOGS = YES;
				MTL_ENABLE_DEBUG_INFO = NO;
				MTL_FAST_MATH = YES;
				SDKROOT = iphoneos;
				SWIFT_COMPILATION_MODE = wholemodule;
				VALIDATE_PRODUCT = YES;
			};
			name = Release;
		};
		7CD597BF2D9BD56300428915 /* Debug */ = {
			isa = XCBuildConfiguration;
			buildSettings = {
				ASSETCATALOG_COMPILER_APPICON_NAME = AppIcon;
				ASSETCATALOG_COMPILER_GLOBAL_ACCENT_COLOR_NAME = AccentColor;
				CODE_SIGN_STYLE = Automatic;
				CURRENT_PROJECT_VERSION = 1;
				DEVELOPMENT_ASSET_PATHS = "\"ScoreKeeper/Preview Content\"";
				DEVELOPMENT_TEAM = J6Y6MSA68D;
				ENABLE_PREVIEWS = YES;
				GENERATE_INFOPLIST_FILE = YES;
				INFOPLIST_KEY_UIApplicationSceneManifest_Generation = YES;
				INFOPLIST_KEY_UIApplicationSupportsIndirectInputEvents = YES;
				INFOPLIST_KEY_UILaunchScreen_Generation = YES;
				INFOPLIST_KEY_UISupportedInterfaceOrientations_iPad = "UIInterfaceOrientationPortrait UIInterfaceOrientationPortraitUpsideDown UIInterfaceOrientationLandscapeLeft UIInterfaceOrientationLandscapeRight";
				INFOPLIST_KEY_UISupportedInterfaceOrientations_iPhone = "UIInterfaceOrientationPortrait UIInterfaceOrientationLandscapeLeft UIInterfaceOrientationLandscapeRight";
				LD_RUNPATH_SEARCH_PATHS = (
					"$(inherited)",
					"@executable_path/Frameworks",
				);
				MARKETING_VERSION = 1.0;
				PRODUCT_BUNDLE_IDENTIFIER = dongeunshin.ScoreKeeper;
				PRODUCT_NAME = "$(TARGET_NAME)";
				SWIFT_EMIT_LOC_STRINGS = YES;
				SWIFT_VERSION = 5.0;
				TARGETED_DEVICE_FAMILY = "1,2";
			};
			name = Debug;
		};
		7CD597C02D9BD56300428915 /* Release */ = {
			isa = XCBuildConfiguration;
			buildSettings = {
				ASSETCATALOG_COMPILER_APPICON_NAME = AppIcon;
				ASSETCATALOG_COMPILER_GLOBAL_ACCENT_COLOR_NAME = AccentColor;
				CODE_SIGN_STYLE = Automatic;
				CURRENT_PROJECT_VERSION = 1;
				DEVELOPMENT_ASSET_PATHS = "\"ScoreKeeper/Preview Content\"";
				DEVELOPMENT_TEAM = J6Y6MSA68D;
				ENABLE_PREVIEWS = YES;
				GENERATE_INFOPLIST_FILE = YES;
				INFOPLIST_KEY_UIApplicationSceneManifest_Generation = YES;
				INFOPLIST_KEY_UIApplicationSupportsIndirectInputEvents = YES;
				INFOPLIST_KEY_UILaunchScreen_Generation = YES;
				INFOPLIST_KEY_UISupportedInterfaceOrientations_iPad = "UIInterfaceOrientationPortrait UIInterfaceOrientationPortraitUpsideDown UIInterfaceOrientationLandscapeLeft UIInterfaceOrientationLandscapeRight";
				INFOPLIST_KEY_UISupportedInterfaceOrientations_iPhone = "UIInterfaceOrientationPortrait UIInterfaceOrientationLandscapeLeft UIInterfaceOrientationLandscapeRight";
				LD_RUNPATH_SEARCH_PATHS = (
					"$(inherited)",
					"@executable_path/Frameworks",
				);
				MARKETING_VERSION = 1.0;
				PRODUCT_BUNDLE_IDENTIFIER = dongeunshin.ScoreKeeper;
				PRODUCT_NAME = "$(TARGET_NAME)";
				SWIFT_EMIT_LOC_STRINGS = YES;
				SWIFT_VERSION = 5.0;
				TARGETED_DEVICE_FAMILY = "1,2";
			};
			name = Release;
		};
		7CD597D22D9BD66200428915 /* Debug */ = {
			isa = XCBuildConfiguration;
			buildSettings = {
				BUNDLE_LOADER = "$(TEST_HOST)";
				CODE_SIGN_STYLE = Automatic;
				CURRENT_PROJECT_VERSION = 1;
				DEVELOPMENT_TEAM = J6Y6MSA68D;
				GENERATE_INFOPLIST_FILE = YES;
				MARKETING_VERSION = 1.0;
				PRODUCT_BUNDLE_IDENTIFIER = dongeunshin.ScoreKeeperTests;
				PRODUCT_NAME = "$(TARGET_NAME)";
				SWIFT_EMIT_LOC_STRINGS = NO;
				SWIFT_VERSION = 5.0;
				TARGETED_DEVICE_FAMILY = "1,2";
				TEST_HOST = "$(BUILT_PRODUCTS_DIR)/ScoreKeeper.app/$(BUNDLE_EXECUTABLE_FOLDER_PATH)/ScoreKeeper";
			};
			name = Debug;
		};
		7CD597D32D9BD66200428915 /* Release */ = {
			isa = XCBuildConfiguration;
			buildSettings = {
				BUNDLE_LOADER = "$(TEST_HOST)";
				CODE_SIGN_STYLE = Automatic;
				CURRENT_PROJECT_VERSION = 1;
				DEVELOPMENT_TEAM = J6Y6MSA68D;
				GENERATE_INFOPLIST_FILE = YES;
				MARKETING_VERSION = 1.0;
				PRODUCT_BUNDLE_IDENTIFIER = dongeunshin.ScoreKeeperTests;
				PRODUCT_NAME = "$(TARGET_NAME)";
				SWIFT_EMIT_LOC_STRINGS = NO;
				SWIFT_VERSION = 5.0;
				TARGETED_DEVICE_FAMILY = "1,2";
				TEST_HOST = "$(BUILT_PRODUCTS_DIR)/ScoreKeeper.app/$(BUNDLE_EXECUTABLE_FOLDER_PATH)/ScoreKeeper";
			};
			name = Release;
		};
/* End XCBuildConfiguration section */

/* Begin XCConfigurationList section */
		7CD597AB2D9BD56100428915 /* Build configuration list for PBXProject "ScoreKeeper" */ = {
			isa = XCConfigurationList;
			buildConfigurations = (
				7CD597BC2D9BD56300428915 /* Debug */,
				7CD597BD2D9BD56300428915 /* Release */,
			);
			defaultConfigurationIsVisible = 0;
			defaultConfigurationName = Release;
		};
		7CD597BE2D9BD56300428915 /* Build configuration list for PBXNativeTarget "ScoreKeeper" */ = {
			isa = XCConfigurationList;
			buildConfigurations = (
				7CD597BF2D9BD56300428915 /* Debug */,
				7CD597C02D9BD56300428915 /* Release */,
			);
			defaultConfigurationIsVisible = 0;
			defaultConfigurationName = Release;
		};
		7CD597D12D9BD66200428915 /* Build configuration list for PBXNativeTarget "ScoreKeeperTests" */ = {
			isa = XCConfigurationList;
			buildConfigurations = (
				7CD597D22D9BD66200428915 /* Debug */,
				7CD597D32D9BD66200428915 /* Release */,
			);
			defaultConfigurationIsVisible = 0;
			defaultConfigurationName = Release;
		};
/* End XCConfigurationList section */
	};
	rootObject = 7CD597A82D9BD56100428915 /* Project object */;
}
