// !$*UTF8*$!
{
	archiveVersion = 1;
	classes = {
	};
	objectVersion = 56;
	objects = {

/* Begin PBXBuildFile section */
		7C5BD9192D9BBCDA00EE4633 /* OnboardingFlowApp.swift in Sources */ = {isa = PBXBuildFile; fileRef = 7C5BD9182D9BBCDA00EE4633 /* OnboardingFlowApp.swift */; };
		7C5BD91B2D9BBCDA00EE4633 /* ContentView.swift in Sources */ = {isa = PBXBuildFile; fileRef = 7C5BD91A2D9BBCDA00EE4633 /* ContentView.swift */; };
		7C5BD91D2D9BBCDB00EE4633 /* Assets.xcassets in Resources */ = {isa = PBXBuildFile; fileRef = 7C5BD91C2D9BBCDB00EE4633 /* Assets.xcassets */; };
		7C5BD9202D9BBCDB00EE4633 /* Preview Assets.xcassets in Resources */ = {isa = PBXBuildFile; fileRef = 7C5BD91F2D9BBCDB00EE4633 /* Preview Assets.xcassets */; };
		7C5BD92A2D9BBCDB00EE4633 /* OnboardingFlowTests.swift in Sources */ = {isa = PBXBuildFile; fileRef = 7C5BD9292D9BBCDB00EE4633 /* OnboardingFlowTests.swift */; };
		7C5BD9342D9BBCDB00EE4633 /* OnboardingFlowUITests.swift in Sources */ = {isa = PBXBuildFile; fileRef = 7C5BD9332D9BBCDB00EE4633 /* OnboardingFlowUITests.swift */; };
		7C5BD9362D9BBCDB00EE4633 /* OnboardingFlowUITestsLaunchTests.swift in Sources */ = {isa = PBXBuildFile; fileRef = 7C5BD9352D9BBCDB00EE4633 /* OnboardingFlowUITestsLaunchTests.swift */; };
		7C5BD9432D9BBCFD00EE4633 /* WelcomePage.swift in Sources */ = {isa = PBXBuildFile; fileRef = 7C5BD9422D9BBCFD00EE4633 /* WelcomePage.swift */; };
		7C5BD9452D9BBE0800EE4633 /* FeaturesPage.swift in Sources */ = {isa = PBXBuildFile; fileRef = 7C5BD9442D9BBE0800EE4633 /* FeaturesPage.swift */; };
		7C5BD9472D9BBE1B00EE4633 /* FeatureCard.swift in Sources */ = {isa = PBXBuildFile; fileRef = 7C5BD9462D9BBE1B00EE4633 /* FeatureCard.swift */; };
/* End PBXBuildFile section */

/* Begin PBXContainerItemProxy section */
		7C5BD9262D9BBCDB00EE4633 /* PBXContainerItemProxy */ = {
			isa = PBXContainerItemProxy;
			containerPortal = 7C5BD90D2D9BBCDA00EE4633 /* Project object */;
			proxyType = 1;
			remoteGlobalIDString = 7C5BD9142D9BBCDA00EE4633;
			remoteInfo = OnboardingFlow;
		};
		7C5BD9302D9BBCDB00EE4633 /* PBXContainerItemProxy */ = {
			isa = PBXContainerItemProxy;
			containerPortal = 7C5BD90D2D9BBCDA00EE4633 /* Project object */;
			proxyType = 1;
			remoteGlobalIDString = 7C5BD9142D9BBCDA00EE4633;
			remoteInfo = OnboardingFlow;
		};
/* End PBXContainerItemProxy section */

/* Begin PBXFileReference section */
		7C5BD9152D9BBCDA00EE4633 /* OnboardingFlow.app */ = {isa = PBXFileReference; explicitFileType = wrapper.application; includeInIndex = 0; path = OnboardingFlow.app; sourceTree = BUILT_PRODUCTS_DIR; };
		7C5BD9182D9BBCDA00EE4633 /* OnboardingFlowApp.swift */ = {isa = PBXFileReference; lastKnownFileType = sourcecode.swift; path = OnboardingFlowApp.swift; sourceTree = "<group>"; };
		7C5BD91A2D9BBCDA00EE4633 /* ContentView.swift */ = {isa = PBXFileReference; lastKnownFileType = sourcecode.swift; path = ContentView.swift; sourceTree = "<group>"; };
		7C5BD91C2D9BBCDB00EE4633 /* Assets.xcassets */ = {isa = PBXFileReference; lastKnownFileType = folder.assetcatalog; path = Assets.xcassets; sourceTree = "<group>"; };
		7C5BD91F2D9BBCDB00EE4633 /* Preview Assets.xcassets */ = {isa = PBXFileReference; lastKnownFileType = folder.assetcatalog; path = "Preview Assets.xcassets"; sourceTree = "<group>"; };
		7C5BD9252D9BBCDB00EE4633 /* OnboardingFlowTests.xctest */ = {isa = PBXFileReference; explicitFileType = wrapper.cfbundle; includeInIndex = 0; path = OnboardingFlowTests.xctest; sourceTree = BUILT_PRODUCTS_DIR; };
		7C5BD9292D9BBCDB00EE4633 /* OnboardingFlowTests.swift */ = {isa = PBXFileReference; lastKnownFileType = sourcecode.swift; path = OnboardingFlowTests.swift; sourceTree = "<group>"; };
		7C5BD92F2D9BBCDB00EE4633 /* OnboardingFlowUITests.xctest */ = {isa = PBXFileReference; explicitFileType = wrapper.cfbundle; includeInIndex = 0; path = OnboardingFlowUITests.xctest; sourceTree = BUILT_PRODUCTS_DIR; };
		7C5BD9332D9BBCDB00EE4633 /* OnboardingFlowUITests.swift */ = {isa = PBXFileReference; lastKnownFileType = sourcecode.swift; path = OnboardingFlowUITests.swift; sourceTree = "<group>"; };
		7C5BD9352D9BBCDB00EE4633 /* OnboardingFlowUITestsLaunchTests.swift */ = {isa = PBXFileReference; lastKnownFileType = sourcecode.swift; path = OnboardingFlowUITestsLaunchTests.swift; sourceTree = "<group>"; };
		7C5BD9422D9BBCFD00EE4633 /* WelcomePage.swift */ = {isa = PBXFileReference; lastKnownFileType = sourcecode.swift; path = WelcomePage.swift; sourceTree = "<group>"; };
		7C5BD9442D9BBE0800EE4633 /* FeaturesPage.swift */ = {isa = PBXFileReference; lastKnownFileType = sourcecode.swift; path = FeaturesPage.swift; sourceTree = "<group>"; };
		7C5BD9462D9BBE1B00EE4633 /* FeatureCard.swift */ = {isa = PBXFileReference; lastKnownFileType = sourcecode.swift; path = FeatureCard.swift; sourceTree = "<group>"; };
/* End PBXFileReference section */

/* Begin PBXFrameworksBuildPhase section */
		7C5BD9122D9BBCDA00EE4633 /* Frameworks */ = {
			isa = PBXFrameworksBuildPhase;
			buildActionMask = 2147483647;
			files = (
			);
			runOnlyForDeploymentPostprocessing = 0;
		};
		7C5BD9222D9BBCDB00EE4633 /* Frameworks */ = {
			isa = PBXFrameworksBuildPhase;
			buildActionMask = 2147483647;
			files = (
			);
			runOnlyForDeploymentPostprocessing = 0;
		};
		7C5BD92C2D9BBCDB00EE4633 /* Frameworks */ = {
			isa = PBXFrameworksBuildPhase;
			buildActionMask = 2147483647;
			files = (
			);
			runOnlyForDeploymentPostprocessing = 0;
		};
/* End PBXFrameworksBuildPhase section */

/* Begin PBXGroup section */
		7C5BD90C2D9BBCDA00EE4633 = {
			isa = PBXGroup;
			children = (
				7C5BD9172D9BBCDA00EE4633 /* OnboardingFlow */,
				7C5BD9282D9BBCDB00EE4633 /* OnboardingFlowTests */,
				7C5BD9322D9BBCDB00EE4633 /* OnboardingFlowUITests */,
				7C5BD9162D9BBCDA00EE4633 /* Products */,
			);
			sourceTree = "<group>";
		};
		7C5BD9162D9BBCDA00EE4633 /* Products */ = {
			isa = PBXGroup;
			children = (
				7C5BD9152D9BBCDA00EE4633 /* OnboardingFlow.app */,
				7C5BD9252D9BBCDB00EE4633 /* OnboardingFlowTests.xctest */,
				7C5BD92F2D9BBCDB00EE4633 /* OnboardingFlowUITests.xctest */,
			);
			name = Products;
			sourceTree = "<group>";
		};
		7C5BD9172D9BBCDA00EE4633 /* OnboardingFlow */ = {
			isa = PBXGroup;
			children = (
				7C5BD9182D9BBCDA00EE4633 /* OnboardingFlowApp.swift */,
				7C5BD91A2D9BBCDA00EE4633 /* ContentView.swift */,
				7C5BD91C2D9BBCDB00EE4633 /* Assets.xcassets */,
				7C5BD91E2D9BBCDB00EE4633 /* Preview Content */,
				7C5BD9422D9BBCFD00EE4633 /* WelcomePage.swift */,
				7C5BD9442D9BBE0800EE4633 /* FeaturesPage.swift */,
				7C5BD9462D9BBE1B00EE4633 /* FeatureCard.swift */,
			);
			path = OnboardingFlow;
			sourceTree = "<group>";
		};
		7C5BD91E2D9BBCDB00EE4633 /* Preview Content */ = {
			isa = PBXGroup;
			children = (
				7C5BD91F2D9BBCDB00EE4633 /* Preview Assets.xcassets */,
			);
			path = "Preview Content";
			sourceTree = "<group>";
		};
		7C5BD9282D9BBCDB00EE4633 /* OnboardingFlowTests */ = {
			isa = PBXGroup;
			children = (
				7C5BD9292D9BBCDB00EE4633 /* OnboardingFlowTests.swift */,
			);
			path = OnboardingFlowTests;
			sourceTree = "<group>";
		};
		7C5BD9322D9BBCDB00EE4633 /* OnboardingFlowUITests */ = {
			isa = PBXGroup;
			children = (
				7C5BD9332D9BBCDB00EE4633 /* OnboardingFlowUITests.swift */,
				7C5BD9352D9BBCDB00EE4633 /* OnboardingFlowUITestsLaunchTests.swift */,
			);
			path = OnboardingFlowUITests;
			sourceTree = "<group>";
		};
/* End PBXGroup section */

/* Begin PBXNativeTarget section */
		7C5BD9142D9BBCDA00EE4633 /* OnboardingFlow */ = {
			isa = PBXNativeTarget;
			buildConfigurationList = 7C5BD9392D9BBCDB00EE4633 /* Build configuration list for PBXNativeTarget "OnboardingFlow" */;
			buildPhases = (
				7C5BD9112D9BBCDA00EE4633 /* Sources */,
				7C5BD9122D9BBCDA00EE4633 /* Frameworks */,
				7C5BD9132D9BBCDA00EE4633 /* Resources */,
			);
			buildRules = (
			);
			dependencies = (
			);
			name = OnboardingFlow;
			productName = OnboardingFlow;
			productReference = 7C5BD9152D9BBCDA00EE4633 /* OnboardingFlow.app */;
			productType = "com.apple.product-type.application";
		};
		7C5BD9242D9BBCDB00EE4633 /* OnboardingFlowTests */ = {
			isa = PBXNativeTarget;
			buildConfigurationList = 7C5BD93C2D9BBCDB00EE4633 /* Build configuration list for PBXNativeTarget "OnboardingFlowTests" */;
			buildPhases = (
				7C5BD9212D9BBCDB00EE4633 /* Sources */,
				7C5BD9222D9BBCDB00EE4633 /* Frameworks */,
				7C5BD9232D9BBCDB00EE4633 /* Resources */,
			);
			buildRules = (
			);
			dependencies = (
				7C5BD9272D9BBCDB00EE4633 /* PBXTargetDependency */,
			);
			name = OnboardingFlowTests;
			productName = OnboardingFlowTests;
			productReference = 7C5BD9252D9BBCDB00EE4633 /* OnboardingFlowTests.xctest */;
			productType = "com.apple.product-type.bundle.unit-test";
		};
		7C5BD92E2D9BBCDB00EE4633 /* OnboardingFlowUITests */ = {
			isa = PBXNativeTarget;
			buildConfigurationList = 7C5BD93F2D9BBCDB00EE4633 /* Build configuration list for PBXNativeTarget "OnboardingFlowUITests" */;
			buildPhases = (
				7C5BD92B2D9BBCDB00EE4633 /* Sources */,
				7C5BD92C2D9BBCDB00EE4633 /* Frameworks */,
				7C5BD92D2D9BBCDB00EE4633 /* Resources */,
			);
			buildRules = (
			);
			dependencies = (
				7C5BD9312D9BBCDB00EE4633 /* PBXTargetDependency */,
			);
			name = OnboardingFlowUITests;
			productName = OnboardingFlowUITests;
			productReference = 7C5BD92F2D9BBCDB00EE4633 /* OnboardingFlowUITests.xctest */;
			productType = "com.apple.product-type.bundle.ui-testing";
		};
/* End PBXNativeTarget section */

/* Begin PBXProject section */
		7C5BD90D2D9BBCDA00EE4633 /* Project object */ = {
			isa = PBXProject;
			attributes = {
				BuildIndependentTargetsInParallel = 1;
				LastSwiftUpdateCheck = 1510;
				LastUpgradeCheck = 1510;
				TargetAttributes = {
					7C5BD9142D9BBCDA00EE4633 = {
						CreatedOnToolsVersion = 15.1;
					};
					7C5BD9242D9BBCDB00EE4633 = {
						CreatedOnToolsVersion = 15.1;
						TestTargetID = 7C5BD9142D9BBCDA00EE4633;
					};
					7C5BD92E2D9BBCDB00EE4633 = {
						CreatedOnToolsVersion = 15.1;
						TestTargetID = 7C5BD9142D9BBCDA00EE4633;
					};
				};
			};
			buildConfigurationList = 7C5BD9102D9BBCDA00EE4633 /* Build configuration list for PBXProject "OnboardingFlow" */;
			compatibilityVersion = "Xcode 14.0";
			developmentRegion = en;
			hasScannedForEncodings = 0;
			knownRegions = (
				en,
				Base,
			);
			mainGroup = 7C5BD90C2D9BBCDA00EE4633;
			productRefGroup = 7C5BD9162D9BBCDA00EE4633 /* Products */;
			projectDirPath = "";
			projectRoot = "";
			targets = (
				7C5BD9142D9BBCDA00EE4633 /* OnboardingFlow */,
				7C5BD9242D9BBCDB00EE4633 /* OnboardingFlowTests */,
				7C5BD92E2D9BBCDB00EE4633 /* OnboardingFlowUITests */,
			);
		};
/* End PBXProject section */

/* Begin PBXResourcesBuildPhase section */
		7C5BD9132D9BBCDA00EE4633 /* Resources */ = {
			isa = PBXResourcesBuildPhase;
			buildActionMask = 2147483647;
			files = (
				7C5BD9202D9BBCDB00EE4633 /* Preview Assets.xcassets in Resources */,
				7C5BD91D2D9BBCDB00EE4633 /* Assets.xcassets in Resources */,
			);
			runOnlyForDeploymentPostprocessing = 0;
		};
		7C5BD9232D9BBCDB00EE4633 /* Resources */ = {
			isa = PBXResourcesBuildPhase;
			buildActionMask = 2147483647;
			files = (
			);
			runOnlyForDeploymentPostprocessing = 0;
		};
		7C5BD92D2D9BBCDB00EE4633 /* Resources */ = {
			isa = PBXResourcesBuildPhase;
			buildActionMask = 2147483647;
			files = (
			);
			runOnlyForDeploymentPostprocessing = 0;
		};
/* End PBXResourcesBuildPhase section */

/* Begin PBXSourcesBuildPhase section */
		7C5BD9112D9BBCDA00EE4633 /* Sources */ = {
			isa = PBXSourcesBuildPhase;
			buildActionMask = 2147483647;
			files = (
				7C5BD9432D9BBCFD00EE4633 /* WelcomePage.swift in Sources */,
				7C5BD9452D9BBE0800EE4633 /* FeaturesPage.swift in Sources */,
				7C5BD91B2D9BBCDA00EE4633 /* ContentView.swift in Sources */,
				7C5BD9192D9BBCDA00EE4633 /* OnboardingFlowApp.swift in Sources */,
				7C5BD9472D9BBE1B00EE4633 /* FeatureCard.swift in Sources */,
			);
			runOnlyForDeploymentPostprocessing = 0;
		};
		7C5BD9212D9BBCDB00EE4633 /* Sources */ = {
			isa = PBXSourcesBuildPhase;
			buildActionMask = 2147483647;
			files = (
				7C5BD92A2D9BBCDB00EE4633 /* OnboardingFlowTests.swift in Sources */,
			);
			runOnlyForDeploymentPostprocessing = 0;
		};
		7C5BD92B2D9BBCDB00EE4633 /* Sources */ = {
			isa = PBXSourcesBuildPhase;
			buildActionMask = 2147483647;
			files = (
				7C5BD9342D9BBCDB00EE4633 /* OnboardingFlowUITests.swift in Sources */,
				7C5BD9362D9BBCDB00EE4633 /* OnboardingFlowUITestsLaunchTests.swift in Sources */,
			);
			runOnlyForDeploymentPostprocessing = 0;
		};
/* End PBXSourcesBuildPhase section */

/* Begin PBXTargetDependency section */
		7C5BD9272D9BBCDB00EE4633 /* PBXTargetDependency */ = {
			isa = PBXTargetDependency;
			target = 7C5BD9142D9BBCDA00EE4633 /* OnboardingFlow */;
			targetProxy = 7C5BD9262D9BBCDB00EE4633 /* PBXContainerItemProxy */;
		};
		7C5BD9312D9BBCDB00EE4633 /* PBXTargetDependency */ = {
			isa = PBXTargetDependency;
			target = 7C5BD9142D9BBCDA00EE4633 /* OnboardingFlow */;
			targetProxy = 7C5BD9302D9BBCDB00EE4633 /* PBXContainerItemProxy */;
		};
/* End PBXTargetDependency section */

/* Begin XCBuildConfiguration section */
		7C5BD9372D9BBCDB00EE4633 /* Debug */ = {
			isa = XCBuildConfiguration;
			buildSettings = {
				ALWAYS_SEARCH_USER_PATHS = NO;
				ASSETCATALOG_COMPILER_GENERATE_SWIFT_ASSET_SYMBOL_EXTENSIONS = YES;
				CLANG_ANALYZER_NONNULL = YES;
				CLANG_ANALYZER_NUMBER_OBJECT_CONVERSION = YES_AGGRESSIVE;
				CLANG_CXX_LANGUAGE_STANDARD = "gnu++20";
				CLANG_ENABLE_MODULES = YES;
				CLANG_ENABLE_OBJC_ARC = YES;
				CLANG_ENABLE_OBJC_WEAK = YES;
				CLANG_WARN_BLOCK_CAPTURE_AUTORELEASING = YES;
				CLANG_WARN_BOOL_CONVERSION = YES;
				CLANG_WARN_COMMA = YES;
				CLANG_WARN_CONSTANT_CONVERSION = YES;
				CLANG_WARN_DEPRECATED_OBJC_IMPLEMENTATIONS = YES;
				CLANG_WARN_DIRECT_OBJC_ISA_USAGE = YES_ERROR;
				CLANG_WARN_DOCUMENTATION_COMMENTS = YES;
				CLANG_WARN_EMPTY_BODY = YES;
				CLANG_WARN_ENUM_CONVERSION = YES;
				CLANG_WARN_INFINITE_RECURSION = YES;
				CLANG_WARN_INT_CONVERSION = YES;
				CLANG_WARN_NON_LITERAL_NULL_CONVERSION = YES;
				CLANG_WARN_OBJC_IMPLICIT_RETAIN_SELF = YES;
				CLANG_WARN_OBJC_LITERAL_CONVERSION = YES;
				CLANG_WARN_OBJC_ROOT_CLASS = YES_ERROR;
				CLANG_WARN_QUOTED_INCLUDE_IN_FRAMEWORK_HEADER = YES;
				CLANG_WARN_RANGE_LOOP_ANALYSIS = YES;
				CLANG_WARN_STRICT_PROTOTYPES = YES;
				CLANG_WARN_SUSPICIOUS_MOVE = YES;
				CLANG_WARN_UNGUARDED_AVAILABILITY = YES_AGGRESSIVE;
				CLANG_WARN_UNREACHABLE_CODE = YES;
				CLANG_WARN__DUPLICATE_METHOD_MATCH = YES;
				COPY_PHASE_STRIP = NO;
				DEBUG_INFORMATION_FORMAT = dwarf;
				ENABLE_STRICT_OBJC_MSGSEND = YES;
				ENABLE_TESTABILITY = YES;
				ENABLE_USER_SCRIPT_SANDBOXING = YES;
				GCC_C_LANGUAGE_STANDARD = gnu17;
				GCC_DYNAMIC_NO_PIC = NO;
				GCC_NO_COMMON_BLOCKS = YES;
				GCC_OPTIMIZATION_LEVEL = 0;
				GCC_PREPROCESSOR_DEFINITIONS = (
					"DEBUG=1",
					"$(inherited)",
				);
				GCC_WARN_64_TO_32_BIT_CONVERSION = YES;
				GCC_WARN_ABOUT_RETURN_TYPE = YES_ERROR;
				GCC_WARN_UNDECLARED_SELECTOR = YES;
				GCC_WARN_UNINITIALIZED_AUTOS = YES_AGGRESSIVE;
				GCC_WARN_UNUSED_FUNCTION = YES;
				GCC_WARN_UNUSED_VARIABLE = YES;
				IPHONEOS_DEPLOYMENT_TARGET = 17.2;
				LOCALIZATION_PREFERS_STRING_CATALOGS = YES;
				MTL_ENABLE_DEBUG_INFO = INCLUDE_SOURCE;
				MTL_FAST_MATH = YES;
				ONLY_ACTIVE_ARCH = YES;
				SDKROOT = iphoneos;
				SWIFT_ACTIVE_COMPILATION_CONDITIONS = "DEBUG $(inherited)";
				SWIFT_OPTIMIZATION_LEVEL = "-Onone";
			};
			name = Debug;
		};
		7C5BD9382D9BBCDB00EE4633 /* Release */ = {
			isa = XCBuildConfiguration;
			buildSettings = {
				ALWAYS_SEARCH_USER_PATHS = NO;
				ASSETCATALOG_COMPILER_GENERATE_SWIFT_ASSET_SYMBOL_EXTENSIONS = YES;
				CLANG_ANALYZER_NONNULL = YES;
				CLANG_ANALYZER_NUMBER_OBJECT_CONVERSION = YES_AGGRESSIVE;
				CLANG_CXX_LANGUAGE_STANDARD = "gnu++20";
				CLANG_ENABLE_MODULES = YES;
				CLANG_ENABLE_OBJC_ARC = YES;
				CLANG_ENABLE_OBJC_WEAK = YES;
				CLANG_WARN_BLOCK_CAPTURE_AUTORELEASING = YES;
				CLANG_WARN_BOOL_CONVERSION = YES;
				CLANG_WARN_COMMA = YES;
				CLANG_WARN_CONSTANT_CONVERSION = YES;
				CLANG_WARN_DEPRECATED_OBJC_IMPLEMENTATIONS = YES;
				CLANG_WARN_DIRECT_OBJC_ISA_USAGE = YES_ERROR;
				CLANG_WARN_DOCUMENTATION_COMMENTS = YES;
				CLANG_WARN_EMPTY_BODY = YES;
				CLANG_WARN_ENUM_CONVERSION = YES;
				CLANG_WARN_INFINITE_RECURSION = YES;
				CLANG_WARN_INT_CONVERSION = YES;
				CLANG_WARN_NON_LITERAL_NULL_CONVERSION = YES;
				CLANG_WARN_OBJC_IMPLICIT_RETAIN_SELF = YES;
				CLANG_WARN_OBJC_LITERAL_CONVERSION = YES;
				CLANG_WARN_OBJC_ROOT_CLASS = YES_ERROR;
				CLANG_WARN_QUOTED_INCLUDE_IN_FRAMEWORK_HEADER = YES;
				CLANG_WARN_RANGE_LOOP_ANALYSIS = YES;
				CLANG_WARN_STRICT_PROTOTYPES = YES;
				CLANG_WARN_SUSPICIOUS_MOVE = YES;
				CLANG_WARN_UNGUARDED_AVAILABILITY = YES_AGGRESSIVE;
				CLANG_WARN_UNREACHABLE_CODE = YES;
				CLANG_WARN__DUPLICATE_METHOD_MATCH = YES;
				COPY_PHASE_STRIP = NO;
				DEBUG_INFORMATION_FORMAT = "dwarf-with-dsym";
				ENABLE_NS_ASSERTIONS = NO;
				ENABLE_STRICT_OBJC_MSGSEND = YES;
				ENABLE_USER_SCRIPT_SANDBOXING = YES;
				GCC_C_LANGUAGE_STANDARD = gnu17;
				GCC_NO_COMMON_BLOCKS = YES;
				GCC_WARN_64_TO_32_BIT_CONVERSION = YES;
				GCC_WARN_ABOUT_RETURN_TYPE = YES_ERROR;
				GCC_WARN_UNDECLARED_SELECTOR = YES;
				GCC_WARN_UNINITIALIZED_AUTOS = YES_AGGRESSIVE;
				GCC_WARN_UNUSED_FUNCTION = YES;
				GCC_WARN_UNUSED_VARIABLE = YES;
				IPHONEOS_DEPLOYMENT_TARGET = 17.2;
				LOCALIZATION_PREFERS_STRING_CATALOGS = YES;
				MTL_ENABLE_DEBUG_INFO = NO;
				MTL_FAST_MATH = YES;
				SDKROOT = iphoneos;
				SWIFT_COMPILATION_MODE = wholemodule;
				VALIDATE_PRODUCT = YES;
			};
			name = Release;
		};
		7C5BD93A2D9BBCDB00EE4633 /* Debug */ = {
			isa = XCBuildConfiguration;
			buildSettings = {
				ASSETCATALOG_COMPILER_APPICON_NAME = AppIcon;
				ASSETCATALOG_COMPILER_GLOBAL_ACCENT_COLOR_NAME = AccentColor;
				CODE_SIGN_STYLE = Automatic;
				CURRENT_PROJECT_VERSION = 1;
				DEVELOPMENT_ASSET_PATHS = "\"OnboardingFlow/Preview Content\"";
				DEVELOPMENT_TEAM = J6Y6MSA68D;
				ENABLE_PREVIEWS = YES;
				GENERATE_INFOPLIST_FILE = YES;
				INFOPLIST_KEY_UIApplicationSceneManifest_Generation = YES;
				INFOPLIST_KEY_UIApplicationSupportsIndirectInputEvents = YES;
				INFOPLIST_KEY_UILaunchScreen_Generation = YES;
				INFOPLIST_KEY_UISupportedInterfaceOrientations_iPad = "UIInterfaceOrientationPortrait UIInterfaceOrientationPortraitUpsideDown UIInterfaceOrientationLandscapeLeft UIInterfaceOrientationLandscapeRight";
				INFOPLIST_KEY_UISupportedInterfaceOrientations_iPhone = "UIInterfaceOrientationPortrait UIInterfaceOrientationLandscapeLeft UIInterfaceOrientationLandscapeRight";
				LD_RUNPATH_SEARCH_PATHS = (
					"$(inherited)",
					"@executable_path/Frameworks",
				);
				MARKETING_VERSION = 1.0;
				PRODUCT_BUNDLE_IDENTIFIER = dongeunshin.OnboardingFlow;
				PRODUCT_NAME = "$(TARGET_NAME)";
				SWIFT_EMIT_LOC_STRINGS = YES;
				SWIFT_VERSION = 5.0;
				TARGETED_DEVICE_FAMILY = "1,2";
			};
			name = Debug;
		};
		7C5BD93B2D9BBCDB00EE4633 /* Release */ = {
			isa = XCBuildConfiguration;
			buildSettings = {
				ASSETCATALOG_COMPILER_APPICON_NAME = AppIcon;
				ASSETCATALOG_COMPILER_GLOBAL_ACCENT_COLOR_NAME = AccentColor;
				CODE_SIGN_STYLE = Automatic;
				CURRENT_PROJECT_VERSION = 1;
				DEVELOPMENT_ASSET_PATHS = "\"OnboardingFlow/Preview Content\"";
				DEVELOPMENT_TEAM = J6Y6MSA68D;
				ENABLE_PREVIEWS = YES;
				GENERATE_INFOPLIST_FILE = YES;
				INFOPLIST_KEY_UIApplicationSceneManifest_Generation = YES;
				INFOPLIST_KEY_UIApplicationSupportsIndirectInputEvents = YES;
				INFOPLIST_KEY_UILaunchScreen_Generation = YES;
				INFOPLIST_KEY_UISupportedInterfaceOrientations_iPad = "UIInterfaceOrientationPortrait UIInterfaceOrientationPortraitUpsideDown UIInterfaceOrientationLandscapeLeft UIInterfaceOrientationLandscapeRight";
				INFOPLIST_KEY_UISupportedInterfaceOrientations_iPhone = "UIInterfaceOrientationPortrait UIInterfaceOrientationLandscapeLeft UIInterfaceOrientationLandscapeRight";
				LD_RUNPATH_SEARCH_PATHS = (
					"$(inherited)",
					"@executable_path/Frameworks",
				);
				MARKETING_VERSION = 1.0;
				PRODUCT_BUNDLE_IDENTIFIER = dongeunshin.OnboardingFlow;
				PRODUCT_NAME = "$(TARGET_NAME)";
				SWIFT_EMIT_LOC_STRINGS = YES;
				SWIFT_VERSION = 5.0;
				TARGETED_DEVICE_FAMILY = "1,2";
			};
			name = Release;
		};
		7C5BD93D2D9BBCDB00EE4633 /* Debug */ = {
			isa = XCBuildConfiguration;
			buildSettings = {
				ALWAYS_EMBED_SWIFT_STANDARD_LIBRARIES = YES;
				BUNDLE_LOADER = "$(TEST_HOST)";
				CODE_SIGN_STYLE = Automatic;
				CURRENT_PROJECT_VERSION = 1;
				DEVELOPMENT_TEAM = J6Y6MSA68D;
				GENERATE_INFOPLIST_FILE = YES;
				IPHONEOS_DEPLOYMENT_TARGET = 17.2;
				MARKETING_VERSION = 1.0;
				PRODUCT_BUNDLE_IDENTIFIER = dongeunshin.OnboardingFlowTests;
				PRODUCT_NAME = "$(TARGET_NAME)";
				SWIFT_EMIT_LOC_STRINGS = NO;
				SWIFT_VERSION = 5.0;
				TARGETED_DEVICE_FAMILY = "1,2";
				TEST_HOST = "$(BUILT_PRODUCTS_DIR)/OnboardingFlow.app/$(BUNDLE_EXECUTABLE_FOLDER_PATH)/OnboardingFlow";
			};
			name = Debug;
		};
		7C5BD93E2D9BBCDB00EE4633 /* Release */ = {
			isa = XCBuildConfiguration;
			buildSettings = {
				ALWAYS_EMBED_SWIFT_STANDARD_LIBRARIES = YES;
				BUNDLE_LOADER = "$(TEST_HOST)";
				CODE_SIGN_STYLE = Automatic;
				CURRENT_PROJECT_VERSION = 1;
				DEVELOPMENT_TEAM = J6Y6MSA68D;
				GENERATE_INFOPLIST_FILE = YES;
				IPHONEOS_DEPLOYMENT_TARGET = 17.2;
				MARKETING_VERSION = 1.0;
				PRODUCT_BUNDLE_IDENTIFIER = dongeunshin.OnboardingFlowTests;
				PRODUCT_NAME = "$(TARGET_NAME)";
				SWIFT_EMIT_LOC_STRINGS = NO;
				SWIFT_VERSION = 5.0;
				TARGETED_DEVICE_FAMILY = "1,2";
				TEST_HOST = "$(BUILT_PRODUCTS_DIR)/OnboardingFlow.app/$(BUNDLE_EXECUTABLE_FOLDER_PATH)/OnboardingFlow";
			};
			name = Release;
		};
		7C5BD9402D9BBCDB00EE4633 /* Debug */ = {
			isa = XCBuildConfiguration;
			buildSettings = {
				ALWAYS_EMBED_SWIFT_STANDARD_LIBRARIES = YES;
				CODE_SIGN_STYLE = Automatic;
				CURRENT_PROJECT_VERSION = 1;
				DEVELOPMENT_TEAM = J6Y6MSA68D;
				GENERATE_INFOPLIST_FILE = YES;
				MARKETING_VERSION = 1.0;
				PRODUCT_BUNDLE_IDENTIFIER = dongeunshin.OnboardingFlowUITests;
				PRODUCT_NAME = "$(TARGET_NAME)";
				SWIFT_EMIT_LOC_STRINGS = NO;
				SWIFT_VERSION = 5.0;
				TARGETED_DEVICE_FAMILY = "1,2";
				TEST_TARGET_NAME = OnboardingFlow;
			};
			name = Debug;
		};
		7C5BD9412D9BBCDB00EE4633 /* Release */ = {
			isa = XCBuildConfiguration;
			buildSettings = {
				ALWAYS_EMBED_SWIFT_STANDARD_LIBRARIES = YES;
				CODE_SIGN_STYLE = Automatic;
				CURRENT_PROJECT_VERSION = 1;
				DEVELOPMENT_TEAM = J6Y6MSA68D;
				GENERATE_INFOPLIST_FILE = YES;
				MARKETING_VERSION = 1.0;
				PRODUCT_BUNDLE_IDENTIFIER = dongeunshin.OnboardingFlowUITests;
				PRODUCT_NAME = "$(TARGET_NAME)";
				SWIFT_EMIT_LOC_STRINGS = NO;
				SWIFT_VERSION = 5.0;
				TARGETED_DEVICE_FAMILY = "1,2";
				TEST_TARGET_NAME = OnboardingFlow;
			};
			name = Release;
		};
/* End XCBuildConfiguration section */

/* Begin XCConfigurationList section */
		7C5BD9102D9BBCDA00EE4633 /* Build configuration list for PBXProject "OnboardingFlow" */ = {
			isa = XCConfigurationList;
			buildConfigurations = (
				7C5BD9372D9BBCDB00EE4633 /* Debug */,
				7C5BD9382D9BBCDB00EE4633 /* Release */,
			);
			defaultConfigurationIsVisible = 0;
			defaultConfigurationName = Release;
		};
		7C5BD9392D9BBCDB00EE4633 /* Build configuration list for PBXNativeTarget "OnboardingFlow" */ = {
			isa = XCConfigurationList;
			buildConfigurations = (
				7C5BD93A2D9BBCDB00EE4633 /* Debug */,
				7C5BD93B2D9BBCDB00EE4633 /* Release */,
			);
			defaultConfigurationIsVisible = 0;
			defaultConfigurationName = Release;
		};
		7C5BD93C2D9BBCDB00EE4633 /* Build configuration list for PBXNativeTarget "OnboardingFlowTests" */ = {
			isa = XCConfigurationList;
			buildConfigurations = (
				7C5BD93D2D9BBCDB00EE4633 /* Debug */,
				7C5BD93E2D9BBCDB00EE4633 /* Release */,
			);
			defaultConfigurationIsVisible = 0;
			defaultConfigurationName = Release;
		};
		7C5BD93F2D9BBCDB00EE4633 /* Build configuration list for PBXNativeTarget "OnboardingFlowUITests" */ = {
			isa = XCConfigurationList;
			buildConfigurations = (
				7C5BD9402D9BBCDB00EE4633 /* Debug */,
				7C5BD9412D9BBCDB00EE4633 /* Release */,
			);
			defaultConfigurationIsVisible = 0;
			defaultConfigurationName = Release;
		};
/* End XCConfigurationList section */
	};
	rootObject = 7C5BD90D2D9BBCDA00EE4633 /* Project object */;
}
